// !$*UTF8*$!
{
	archiveVersion = 1;
	classes = {
	};
	objectVersion = 77;
	objects = {

/* Begin PBXBuildFile section */
		FFF004662E37D0F900F127B6 /* TLPinch Extension.appex in Embed Foundation Extensions */ = {isa = PBXBuildFile; fileRef = FFF004652E37D0F900F127B6 /* TLPinch Extension.appex */; settings = {ATTRIBUTES = (RemoveHeadersOnCopy, ); }; };
		FFF004702E37D0F900F127B6 /* TLPinch Extension.appex in Embed Foundation Extensions */ = {isa = PBXBuildFile; fileRef = FFF0046F2E37D0F900F127B6 /* TLPinch Extension.appex */; settings = {ATTRIBUTES = (RemoveHeadersOnCopy, ); }; };
/* End PBXBuildFile section */

/* Begin PBXContainerItemProxy section */
		FFF004672E37D0F900F127B6 /* PBXContainerItemProxy */ = {
			isa = PBXContainerItemProxy;
			containerPortal = FFF0042B2E37D0F700F127B6 /* Project object */;
			proxyType = 1;
			remoteGlobalIDString = FFF004642E37D0F900F127B6;
			remoteInfo = "TL;Pinch Extension (iOS)";
		};
		FFF004712E37D0F900F127B6 /* PBXContainerItemProxy */ = {
			isa = PBXContainerItemProxy;
			containerPortal = FFF0042B2E37D0F700F127B6 /* Project object */;
			proxyType = 1;
			remoteGlobalIDString = FFF0046E2E37D0F900F127B6;
			remoteInfo = "TL;Pinch Extension (macOS)";
		};
/* End PBXContainerItemProxy section */

/* Begin PBXCopyFilesBuildPhase section */
		FFF004992E37D0F900F127B6 /* Embed Foundation Extensions */ = {
			isa = PBXCopyFilesBuildPhase;
			buildActionMask = 2147483647;
			dstPath = "";
			dstSubfolderSpec = 13;
			files = (
				FFF004662E37D0F900F127B6 /* TLPinch Extension.appex in Embed Foundation Extensions */,
			);
			name = "Embed Foundation Extensions";
			runOnlyForDeploymentPostprocessing = 0;
		};
		FFF004A32E37D0F900F127B6 /* Embed Foundation Extensions */ = {
			isa = PBXCopyFilesBuildPhase;
			buildActionMask = 2147483647;
			dstPath = "";
			dstSubfolderSpec = 13;
			files = (
				FFF004702E37D0F900F127B6 /* TLPinch Extension.appex in Embed Foundation Extensions */,
			);
			name = "Embed Foundation Extensions";
			runOnlyForDeploymentPostprocessing = 0;
		};
/* End PBXCopyFilesBuildPhase section */

/* Begin PBXFileReference section */
		FFF004472E37D0F900F127B6 /* TLPinch.app */ = {isa = PBXFileReference; explicitFileType = wrapper.application; includeInIndex = 0; path = TLPinch.app; sourceTree = BUILT_PRODUCTS_DIR; };
		FFF004592E37D0F900F127B6 /* TLPinch.app */ = {isa = PBXFileReference; explicitFileType = wrapper.application; includeInIndex = 0; path = TLPinch.app; sourceTree = BUILT_PRODUCTS_DIR; };
		FFF004652E37D0F900F127B6 /* TLPinch Extension.appex */ = {isa = PBXFileReference; explicitFileType = "wrapper.app-extension"; includeInIndex = 0; path = "TLPinch Extension.appex"; sourceTree = BUILT_PRODUCTS_DIR; };
		FFF0046F2E37D0F900F127B6 /* TLPinch Extension.appex */ = {isa = PBXFileReference; explicitFileType = "wrapper.app-extension"; includeInIndex = 0; path = "TLPinch Extension.appex"; sourceTree = BUILT_PRODUCTS_DIR; };
/* End PBXFileReference section */

/* Begin PBXFileSystemSynchronizedBuildFileExceptionSet section */
		FF3A1AA12E3C33F1008D658E /* Exceptions for "macOS (App)" folder in "TLPinch (macOS)" target */ = {
			isa = PBXFileSystemSynchronizedBuildFileExceptionSet;
			membershipExceptions = (
				Info.plist,
			);
			target = FFF004582E37D0F900F127B6 /* TLPinch (macOS) */;
		};
		FFF004942E37D0F900F127B6 /* Exceptions for "Shared (App)" folder in "TLPinch (iOS)" target */ = {
			isa = PBXFileSystemSynchronizedBuildFileExceptionSet;
			membershipExceptions = (
				"/Localized: Resources/Main.html",
				AppIcon.icon,
				Assets.xcassets,
				Resources/Icon.png,
				Resources/Script.js,
				Resources/Style.css,
				ViewController.swift,
			);
			target = FFF004462E37D0F900F127B6 /* TLPinch (iOS) */;
		};
		FFF004982E37D0F900F127B6 /* Exceptions for "iOS (Extension)" folder in "TLPinch Extension (iOS)" target */ = {
			isa = PBXFileSystemSynchronizedBuildFileExceptionSet;
			membershipExceptions = (
				Info.plist,
			);
			target = FFF004642E37D0F900F127B6 /* TLPinch Extension (iOS) */;
		};
		FFF0049D2E37D0F900F127B6 /* Exceptions for "iOS (App)" folder in "TLPinch (iOS)" target */ = {
			isa = PBXFileSystemSynchronizedBuildFileExceptionSet;
			membershipExceptions = (
				Info.plist,
			);
			target = FFF004462E37D0F900F127B6 /* TLPinch (iOS) */;
		};
		FFF0049E2E37D0F900F127B6 /* Exceptions for "Shared (App)" folder in "TLPinch (macOS)" target */ = {
			isa = PBXFileSystemSynchronizedBuildFileExceptionSet;
			membershipExceptions = (
				"/Localized: Resources/Main.html",
				AppIcon.icon,
				Assets.xcassets,
				Resources/Icon.png,
				Resources/Script.js,
				Resources/Style.css,
				ViewController.swift,
			);
			target = FFF004582E37D0F900F127B6 /* TLPinch (macOS) */;
		};
		FFF004A22E37D0F900F127B6 /* Exceptions for "macOS (Extension)" folder in "TLPinch Extension (macOS)" target */ = {
			isa = PBXFileSystemSynchronizedBuildFileExceptionSet;
			membershipExceptions = (
				Info.plist,
			);
			target = FFF0046E2E37D0F900F127B6 /* TLPinch Extension (macOS) */;
		};
		FFF004A72E37D0F900F127B6 /* Exceptions for "Shared (Extension)" folder in "TLPinch Extension (iOS)" target */ = {
			isa = PBXFileSystemSynchronizedBuildFileExceptionSet;
			membershipExceptions = (
				Resources/_locales,
				Resources/background.js,
				Resources/content.js,
				Resources/images,
				Resources/manifest.json,
				Resources/pinchDetector.js,
				Resources/popup.css,
				Resources/popup.html,
				Resources/popup.js,
				SafariWebExtensionHandler.swift,
			);
			target = FFF004642E37D0F900F127B6 /* TLPinch Extension (iOS) */;
		};
		FFF004A82E37D0F900F127B6 /* Exceptions for "Shared (Extension)" folder in "TLPinch Extension (macOS)" target */ = {
			isa = PBXFileSystemSynchronizedBuildFileExceptionSet;
			membershipExceptions = (
				Resources/_locales,
				Resources/background.js,
				Resources/content.js,
				Resources/images,
				Resources/manifest.json,
				Resources/pinchDetector.js,
				Resources/popup.css,
				Resources/popup.html,
				Resources/popup.js,
				SafariWebExtensionHandler.swift,
			);
			target = FFF0046E2E37D0F900F127B6 /* TLPinch Extension (macOS) */;
		};
/* End PBXFileSystemSynchronizedBuildFileExceptionSet section */

/* Begin PBXFileSystemSynchronizedRootGroup section */
		FFF0042F2E37D0F800F127B6 /* Shared (App) */ = {
			isa = PBXFileSystemSynchronizedRootGroup;
			exceptions = (
				FFF004942E37D0F900F127B6 /* Exceptions for "Shared (App)" folder in "TLPinch (iOS)" target */,
				FFF0049E2E37D0F900F127B6 /* Exceptions for "Shared (App)" folder in "TLPinch (macOS)" target */,
			);
			path = "Shared (App)";
			sourceTree = "<group>";
		};
		FFF004382E37D0F900F127B6 /* Shared (Extension) */ = {
			isa = PBXFileSystemSynchronizedRootGroup;
			exceptions = (
				FFF004A72E37D0F900F127B6 /* Exceptions for "Shared (Extension)" folder in "TLPinch Extension (iOS)" target */,
				FFF004A82E37D0F900F127B6 /* Exceptions for "Shared (Extension)" folder in "TLPinch Extension (macOS)" target */,
			);
			explicitFolders = (
				Resources/_locales,
				Resources/images,
			);
			path = "Shared (Extension)";
			sourceTree = "<group>";
		};
		FFF004492E37D0F900F127B6 /* iOS (App) */ = {
			isa = PBXFileSystemSynchronizedRootGroup;
			exceptions = (
				FFF0049D2E37D0F900F127B6 /* Exceptions for "iOS (App)" folder in "TLPinch (iOS)" target */,
			);
			path = "iOS (App)";
			sourceTree = "<group>";
		};
		FFF0045A2E37D0F900F127B6 /* macOS (App) */ = {
			isa = PBXFileSystemSynchronizedRootGroup;
			exceptions = (
				FF3A1AA12E3C33F1008D658E /* Exceptions for "macOS (App)" folder in "TLPinch (macOS)" target */,
			);
			path = "macOS (App)";
			sourceTree = "<group>";
		};
		FFF004692E37D0F900F127B6 /* iOS (Extension) */ = {
			isa = PBXFileSystemSynchronizedRootGroup;
			exceptions = (
				FFF004982E37D0F900F127B6 /* Exceptions for "iOS (Extension)" folder in "TLPinch Extension (iOS)" target */,
			);
			path = "iOS (Extension)";
			sourceTree = "<group>";
		};
		FFF004732E37D0F900F127B6 /* macOS (Extension) */ = {
			isa = PBXFileSystemSynchronizedRootGroup;
			exceptions = (
				FFF004A22E37D0F900F127B6 /* Exceptions for "macOS (Extension)" folder in "TLPinch Extension (macOS)" target */,
			);
			path = "macOS (Extension)";
			sourceTree = "<group>";
		};
/* End PBXFileSystemSynchronizedRootGroup section */

/* Begin PBXFrameworksBuildPhase section */
		FFF004442E37D0F900F127B6 /* Frameworks */ = {
			isa = PBXFrameworksBuildPhase;
			buildActionMask = 2147483647;
			files = (
			);
			runOnlyForDeploymentPostprocessing = 0;
		};
		FFF004562E37D0F900F127B6 /* Frameworks */ = {
			isa = PBXFrameworksBuildPhase;
			buildActionMask = 2147483647;
			files = (
			);
			runOnlyForDeploymentPostprocessing = 0;
		};
		FFF004622E37D0F900F127B6 /* Frameworks */ = {
			isa = PBXFrameworksBuildPhase;
			buildActionMask = 2147483647;
			files = (
			);
			runOnlyForDeploymentPostprocessing = 0;
		};
		FFF0046C2E37D0F900F127B6 /* Frameworks */ = {
			isa = PBXFrameworksBuildPhase;
			buildActionMask = 2147483647;
			files = (
			);
			runOnlyForDeploymentPostprocessing = 0;
		};
/* End PBXFrameworksBuildPhase section */

/* Begin PBXGroup section */
		FFF0042A2E37D0F700F127B6 = {
			isa = PBXGroup;
			children = (
				FFF0042F2E37D0F800F127B6 /* Shared (App) */,
				FFF004382E37D0F900F127B6 /* Shared (Extension) */,
				FFF004492E37D0F900F127B6 /* iOS (App) */,
				FFF0045A2E37D0F900F127B6 /* macOS (App) */,
				FFF004692E37D0F900F127B6 /* iOS (Extension) */,
				FFF004732E37D0F900F127B6 /* macOS (Extension) */,
				FFF004482E37D0F900F127B6 /* Products */,
			);
			sourceTree = "<group>";
		};
		FFF004482E37D0F900F127B6 /* Products */ = {
			isa = PBXGroup;
			children = (
				FFF004472E37D0F900F127B6 /* TLPinch.app */,
				FFF004592E37D0F900F127B6 /* TLPinch.app */,
				FFF004652E37D0F900F127B6 /* TLPinch Extension.appex */,
				FFF0046F2E37D0F900F127B6 /* TLPinch Extension.appex */,
			);
			name = Products;
			sourceTree = "<group>";
		};
/* End PBXGroup section */

/* Begin PBXNativeTarget section */
		FFF004462E37D0F900F127B6 /* TLPinch (iOS) */ = {
			isa = PBXNativeTarget;
			buildConfigurationList = FFF0049A2E37D0F900F127B6 /* Build configuration list for PBXNativeTarget "TLPinch (iOS)" */;
			buildPhases = (
				FFF004432E37D0F900F127B6 /* Sources */,
				FFF004442E37D0F900F127B6 /* Frameworks */,
				FFF004452E37D0F900F127B6 /* Resources */,
				FFF004992E37D0F900F127B6 /* Embed Foundation Extensions */,
			);
			buildRules = (
			);
			dependencies = (
				FFF004682E37D0F900F127B6 /* PBXTargetDependency */,
			);
			fileSystemSynchronizedGroups = (
				FFF004492E37D0F900F127B6 /* iOS (App) */,
			);
			name = "TLPinch (iOS)";
			packageProductDependencies = (
			);
			productName = "TL;Pinch (iOS)";
			productReference = FFF004472E37D0F900F127B6 /* TLPinch.app */;
			productType = "com.apple.product-type.application";
		};
		FFF004582E37D0F900F127B6 /* TLPinch (macOS) */ = {
			isa = PBXNativeTarget;
			buildConfigurationList = FFF004A42E37D0F900F127B6 /* Build configuration list for PBXNativeTarget "TLPinch (macOS)" */;
			buildPhases = (
				FFF004552E37D0F900F127B6 /* Sources */,
				FFF004562E37D0F900F127B6 /* Frameworks */,
				FFF004572E37D0F900F127B6 /* Resources */,
				FFF004A32E37D0F900F127B6 /* Embed Foundation Extensions */,
			);
			buildRules = (
			);
			dependencies = (
				FFF004722E37D0F900F127B6 /* PBXTargetDependency */,
			);
			fileSystemSynchronizedGroups = (
				FFF0045A2E37D0F900F127B6 /* macOS (App) */,
			);
			name = "TLPinch (macOS)";
			packageProductDependencies = (
			);
			productName = "TL;Pinch (macOS)";
			productReference = FFF004592E37D0F900F127B6 /* TLPinch.app */;
			productType = "com.apple.product-type.application";
		};
		FFF004642E37D0F900F127B6 /* TLPinch Extension (iOS) */ = {
			isa = PBXNativeTarget;
			buildConfigurationList = FFF004952E37D0F900F127B6 /* Build configuration list for PBXNativeTarget "TLPinch Extension (iOS)" */;
			buildPhases = (
				FFF004612E37D0F900F127B6 /* Sources */,
				FFF004622E37D0F900F127B6 /* Frameworks */,
				FFF004632E37D0F900F127B6 /* Resources */,
			);
			buildRules = (
			);
			dependencies = (
			);
			fileSystemSynchronizedGroups = (
				FFF004692E37D0F900F127B6 /* iOS (Extension) */,
			);
			name = "TLPinch Extension (iOS)";
			packageProductDependencies = (
			);
			productName = "TL;Pinch Extension (iOS)";
			productReference = FFF004652E37D0F900F127B6 /* TLPinch Extension.appex */;
			productType = "com.apple.product-type.app-extension";
		};
		FFF0046E2E37D0F900F127B6 /* TLPinch Extension (macOS) */ = {
			isa = PBXNativeTarget;
			buildConfigurationList = FFF0049F2E37D0F900F127B6 /* Build configuration list for PBXNativeTarget "TLPinch Extension (macOS)" */;
			buildPhases = (
				FFF0046B2E37D0F900F127B6 /* Sources */,
				FFF0046C2E37D0F900F127B6 /* Frameworks */,
				FFF0046D2E37D0F900F127B6 /* Resources */,
			);
			buildRules = (
			);
			dependencies = (
			);
			fileSystemSynchronizedGroups = (
				FFF004732E37D0F900F127B6 /* macOS (Extension) */,
			);
			name = "TLPinch Extension (macOS)";
			packageProductDependencies = (
			);
			productName = "TL;Pinch Extension (macOS)";
			productReference = FFF0046F2E37D0F900F127B6 /* TLPinch Extension.appex */;
			productType = "com.apple.product-type.app-extension";
		};
/* End PBXNativeTarget section */

/* Begin PBXProject section */
		FFF0042B2E37D0F700F127B6 /* Project object */ = {
			isa = PBXProject;
			attributes = {
				BuildIndependentTargetsInParallel = 1;
				LastSwiftUpdateCheck = 1640;
				LastUpgradeCheck = 2640;
				TargetAttributes = {
					FFF004462E37D0F900F127B6 = {
						CreatedOnToolsVersion = 16.4;
					};
					FFF004582E37D0F900F127B6 = {
						CreatedOnToolsVersion = 16.4;
					};
					FFF004642E37D0F900F127B6 = {
						CreatedOnToolsVersion = 16.4;
					};
					FFF0046E2E37D0F900F127B6 = {
						CreatedOnToolsVersion = 16.4;
					};
				};
			};
			buildConfigurationList = FFF0042E2E37D0F700F127B6 /* Build configuration list for PBXProject "TLPinch" */;
			developmentRegion = en;
			hasScannedForEncodings = 0;
			knownRegions = (
				en,
				Base,
			);
			mainGroup = FFF0042A2E37D0F700F127B6;
			minimizedProjectReferenceProxies = 1;
			preferredProjectObjectVersion = 77;
			productRefGroup = FFF004482E37D0F900F127B6 /* Products */;
			projectDirPath = "";
			projectRoot = "";
			targets = (
				FFF004462E37D0F900F127B6 /* TLPinch (iOS) */,
				FFF004582E37D0F900F127B6 /* TLPinch (macOS) */,
				FFF004642E37D0F900F127B6 /* TLPinch Extension (iOS) */,
				FFF0046E2E37D0F900F127B6 /* TLPinch Extension (macOS) */,
			);
		};
/* End PBXProject section */

/* Begin PBXResourcesBuildPhase section */
		FFF004452E37D0F900F127B6 /* Resources */ = {
			isa = PBXResourcesBuildPhase;
			buildActionMask = 2147483647;
			files = (
			);
			runOnlyForDeploymentPostprocessing = 0;
		};
		FFF004572E37D0F900F127B6 /* Resources */ = {
			isa = PBXResourcesBuildPhase;
			buildActionMask = 2147483647;
			files = (
			);
			runOnlyForDeploymentPostprocessing = 0;
		};
		FFF004632E37D0F900F127B6 /* Resources */ = {
			isa = PBXResourcesBuildPhase;
			buildActionMask = 2147483647;
			files = (
			);
			runOnlyForDeploymentPostprocessing = 0;
		};
		FFF0046D2E37D0F900F127B6 /* Resources */ = {
			isa = PBXResourcesBuildPhase;
			buildActionMask = 2147483647;
			files = (
			);
			runOnlyForDeploymentPostprocessing = 0;
		};
/* End PBXResourcesBuildPhase section */

/* Begin PBXSourcesBuildPhase section */
		FFF004432E37D0F900F127B6 /* Sources */ = {
			isa = PBXSourcesBuildPhase;
			buildActionMask = 2147483647;
			files = (
			);
			runOnlyForDeploymentPostprocessing = 0;
		};
		FFF004552E37D0F900F127B6 /* Sources */ = {
			isa = PBXSourcesBuildPhase;
			buildActionMask = 2147483647;
			files = (
			);
			runOnlyForDeploymentPostprocessing = 0;
		};
		FFF004612E37D0F900F127B6 /* Sources */ = {
			isa = PBXSourcesBuildPhase;
			buildActionMask = 2147483647;
			files = (
			);
			runOnlyForDeploymentPostprocessing = 0;
		};
		FFF0046B2E37D0F900F127B6 /* Sources */ = {
			isa = PBXSourcesBuildPhase;
			buildActionMask = 2147483647;
			files = (
			);
			runOnlyForDeploymentPostprocessing = 0;
		};
/* End PBXSourcesBuildPhase section */

/* Begin PBXTargetDependency section */
		FFF004682E37D0F900F127B6 /* PBXTargetDependency */ = {
			isa = PBXTargetDependency;
			target = FFF004642E37D0F900F127B6 /* TLPinch Extension (iOS) */;
			targetProxy = FFF004672E37D0F900F127B6 /* PBXContainerItemProxy */;
		};
		FFF004722E37D0F900F127B6 /* PBXTargetDependency */ = {
			isa = PBXTargetDependency;
			target = FFF0046E2E37D0F900F127B6 /* TLPinch Extension (macOS) */;
			targetProxy = FFF004712E37D0F900F127B6 /* PBXContainerItemProxy */;
		};
/* End PBXTargetDependency section */

/* Begin XCBuildConfiguration section */
		FFF004962E37D0F900F127B6 /* Debug */ = {
			isa = XCBuildConfiguration;
			buildSettings = {
				CODE_SIGN_IDENTITY = "Apple Development";
				CODE_SIGN_STYLE = Automatic;
				CURRENT_PROJECT_VERSION = TLP01;
				DEVELOPMENT_TEAM = GH69QQ984P;
				GENERATE_INFOPLIST_FILE = YES;
				INFOPLIST_FILE = "iOS (Extension)/Info.plist";
				INFOPLIST_KEY_CFBundleDisplayName = "TL;Pinch Extension";
				INFOPLIST_KEY_NSHumanReadableCopyright = "";
				IPHONEOS_DEPLOYMENT_TARGET = 26;
				LD_RUNPATH_SEARCH_PATHS = (
					"$(inherited)",
					"@executable_path/Frameworks",
					"@executable_path/../../Frameworks",
				);
				MARKETING_VERSION = 1.0;
				OTHER_LDFLAGS = (
					"-framework",
					SafariServices,
				);
				PRODUCT_BUNDLE_IDENTIFIER = "com.kaizo.TL-Pinch.Extension";
				PRODUCT_NAME = "TLPinch Extension";
				PROVISIONING_PROFILE_SPECIFIER = "";
				SDKROOT = iphoneos;
				SKIP_INSTALL = YES;
				SUPPORTED_PLATFORMS = "iphoneos iphonesimulator";
				SUPPORTS_MACCATALYST = NO;
				SUPPORTS_MAC_DESIGNED_FOR_IPHONE_IPAD = NO;
				SUPPORTS_XR_DESIGNED_FOR_IPHONE_IPAD = NO;
				SWIFT_EMIT_LOC_STRINGS = YES;
				SWIFT_VERSION = 5.0;
				TARGETED_DEVICE_FAMILY = "1,2";
			};
			name = Debug;
		};
		FFF004972E37D0F900F127B6 /* Release */ = {
			isa = XCBuildConfiguration;
			buildSettings = {
				CODE_SIGN_IDENTITY = "Apple Development";
				CODE_SIGN_STYLE = Automatic;
				CURRENT_PROJECT_VERSION = TLP01;
				DEVELOPMENT_TEAM = GH69QQ984P;
				GENERATE_INFOPLIST_FILE = YES;
				INFOPLIST_FILE = "iOS (Extension)/Info.plist";
				INFOPLIST_KEY_CFBundleDisplayName = "TL;Pinch Extension";
				INFOPLIST_KEY_NSHumanReadableCopyright = "";
				IPHONEOS_DEPLOYMENT_TARGET = 26;
				LD_RUNPATH_SEARCH_PATHS = (
					"$(inherited)",
					"@executable_path/Frameworks",
					"@executable_path/../../Frameworks",
				);
				MARKETING_VERSION = 1.0;
				OTHER_LDFLAGS = (
					"-framework",
					SafariServices,
				);
				PRODUCT_BUNDLE_IDENTIFIER = "com.kaizo.TL-Pinch.Extension";
				PRODUCT_NAME = "TLPinch Extension";
				PROVISIONING_PROFILE_SPECIFIER = "";
				SDKROOT = iphoneos;
				SKIP_INSTALL = YES;
				SUPPORTED_PLATFORMS = "iphoneos iphonesimulator";
				SUPPORTS_MACCATALYST = NO;
				SUPPORTS_MAC_DESIGNED_FOR_IPHONE_IPAD = NO;
				SUPPORTS_XR_DESIGNED_FOR_IPHONE_IPAD = NO;
				SWIFT_EMIT_LOC_STRINGS = YES;
				SWIFT_VERSION = 5.0;
				TARGETED_DEVICE_FAMILY = "1,2";
				VALIDATE_PRODUCT = YES;
			};
			name = Release;
		};
		FFF0049B2E37D0F900F127B6 /* Debug */ = {
			isa = XCBuildConfiguration;
			buildSettings = {
				ASSETCATALOG_COMPILER_APPICON_NAME = AppIcon;
				ASSETCATALOG_COMPILER_GLOBAL_ACCENT_COLOR_NAME = AccentColor;
				CODE_SIGN_STYLE = Automatic;
				CURRENT_PROJECT_VERSION = TLP01;
				DEVELOPMENT_TEAM = GH69QQ984P;
				GENERATE_INFOPLIST_FILE = YES;
				INFOPLIST_FILE = "iOS (App)/Info.plist";
				INFOPLIST_KEY_CFBundleDisplayName = "TL;Pinch";
				INFOPLIST_KEY_LSApplicationCategoryType = "public.app-category.productivity";
				INFOPLIST_KEY_UIApplicationSupportsIndirectInputEvents = YES;
				INFOPLIST_KEY_UILaunchStoryboardName = LaunchScreen;
				INFOPLIST_KEY_UIStatusBarHidden = NO;
				INFOPLIST_KEY_UIStatusBarStyle = "";
				INFOPLIST_KEY_UISupportedInterfaceOrientations = UIInterfaceOrientationPortrait;
				INFOPLIST_KEY_UISupportedInterfaceOrientations_iPad = "UIInterfaceOrientationLandscapeLeft UIInterfaceOrientationLandscapeRight UIInterfaceOrientationPortrait UIInterfaceOrientationPortraitUpsideDown";
				IPHONEOS_DEPLOYMENT_TARGET = 26.0;
				LD_RUNPATH_SEARCH_PATHS = (
					"$(inherited)",
					"@executable_path/Frameworks",
				);
				MARKETING_VERSION = 1.0;
				OTHER_LDFLAGS = (
					"-framework",
					SafariServices,
					"-framework",
					WebKit,
				);
				PRODUCT_BUNDLE_IDENTIFIER = "com.kaizo.TL-Pinch";
				PRODUCT_NAME = TLPinch;
				SDKROOT = iphoneos;
				SUPPORTED_PLATFORMS = "iphoneos iphonesimulator";
				SUPPORTS_MACCATALYST = NO;
				SUPPORTS_MAC_DESIGNED_FOR_IPHONE_IPAD = NO;
				SUPPORTS_XR_DESIGNED_FOR_IPHONE_IPAD = NO;
				SWIFT_EMIT_LOC_STRINGS = YES;
				SWIFT_VERSION = 5.0;
				TARGETED_DEVICE_FAMILY = "1,2";
			};
			name = Debug;
		};
		FFF0049C2E37D0F900F127B6 /* Release */ = {
			isa = XCBuildConfiguration;
			buildSettings = {
				ASSETCATALOG_COMPILER_APPICON_NAME = AppIcon;
				ASSETCATALOG_COMPILER_GLOBAL_ACCENT_COLOR_NAME = AccentColor;
				CODE_SIGN_STYLE = Automatic;
				CURRENT_PROJECT_VERSION = TLP01;
				DEVELOPMENT_TEAM = GH69QQ984P;
				GENERATE_INFOPLIST_FILE = YES;
				INFOPLIST_FILE = "iOS (App)/Info.plist";
				INFOPLIST_KEY_CFBundleDisplayName = "TL;Pinch";
				INFOPLIST_KEY_LSApplicationCategoryType = "public.app-category.productivity";
				INFOPLIST_KEY_UIApplicationSupportsIndirectInputEvents = YES;
				INFOPLIST_KEY_UILaunchStoryboardName = LaunchScreen;
				INFOPLIST_KEY_UIStatusBarHidden = NO;
				INFOPLIST_KEY_UIStatusBarStyle = "";
				INFOPLIST_KEY_UISupportedInterfaceOrientations = UIInterfaceOrientationPortrait;
				INFOPLIST_KEY_UISupportedInterfaceOrientations_iPad = "UIInterfaceOrientationLandscapeLeft UIInterfaceOrientationLandscapeRight UIInterfaceOrientationPortrait UIInterfaceOrientationPortraitUpsideDown";
				IPHONEOS_DEPLOYMENT_TARGET = 26.0;
				LD_RUNPATH_SEARCH_PATHS = (
					"$(inherited)",
					"@executable_path/Frameworks",
				);
				MARKETING_VERSION = 1.0;
				OTHER_LDFLAGS = (
					"-framework",
					SafariServices,
					"-framework",
					WebKit,
				);
				PRODUCT_BUNDLE_IDENTIFIER = "com.kaizo.TL-Pinch";
				PRODUCT_NAME = TLPinch;
				SDKROOT = iphoneos;
				SUPPORTED_PLATFORMS = "iphoneos iphonesimulator";
				SUPPORTS_MACCATALYST = NO;
				SUPPORTS_MAC_DESIGNED_FOR_IPHONE_IPAD = NO;
				SUPPORTS_XR_DESIGNED_FOR_IPHONE_IPAD = NO;
				SWIFT_EMIT_LOC_STRINGS = YES;
				SWIFT_VERSION = 5.0;
				TARGETED_DEVICE_FAMILY = "1,2";
				VALIDATE_PRODUCT = YES;
			};
			name = Release;
		};
		FFF004A02E37D0F900F127B6 /* Debug */ = {
			isa = XCBuildConfiguration;
			buildSettings = {
				CODE_SIGN_ENTITLEMENTS = "macOS (Extension)/TL;Pinch.entitlements";
				CODE_SIGN_STYLE = Automatic;
				CURRENT_PROJECT_VERSION = TLP01;
				DEAD_CODE_STRIPPING = YES;
				DEVELOPMENT_TEAM = GH69QQ984P;
				ENABLE_HARDENED_RUNTIME = YES;
				GENERATE_INFOPLIST_FILE = YES;
				INFOPLIST_FILE = "macOS (Extension)/Info.plist";
				INFOPLIST_KEY_CFBundleDisplayName = "TL;Pinch Extension";
				INFOPLIST_KEY_NSHumanReadableCopyright = "";
				LD_RUNPATH_SEARCH_PATHS = (
					"$(inherited)",
					"@executable_path/../Frameworks",
					"@executable_path/../../../../Frameworks",
				);
				MACOSX_DEPLOYMENT_TARGET = 26;
				MARKETING_VERSION = 1.0;
				OTHER_LDFLAGS = (
					"-framework",
					SafariServices,
				);
				PRODUCT_BUNDLE_IDENTIFIER = "com.kaizokonpaku.TL-Pinch.Extension";
				PRODUCT_NAME = "TLPinch Extension";
				SDKROOT = macosx;
				SKIP_INSTALL = YES;
				SWIFT_EMIT_LOC_STRINGS = YES;
				SWIFT_VERSION = 5.0;
			};
			name = Debug;
		};
		FFF004A12E37D0F900F127B6 /* Release */ = {
			isa = XCBuildConfiguration;
			buildSettings = {
				CODE_SIGN_ENTITLEMENTS = "macOS (Extension)/TL;Pinch.entitlements";
				CODE_SIGN_STYLE = Automatic;
				CURRENT_PROJECT_VERSION = TLP01;
				DEAD_CODE_STRIPPING = YES;
				DEVELOPMENT_TEAM = GH69QQ984P;
				ENABLE_HARDENED_RUNTIME = YES;
				GENERATE_INFOPLIST_FILE = YES;
				INFOPLIST_FILE = "macOS (Extension)/Info.plist";
				INFOPLIST_KEY_CFBundleDisplayName = "TL;Pinch Extension";
				INFOPLIST_KEY_NSHumanReadableCopyright = "";
				LD_RUNPATH_SEARCH_PATHS = (
					"$(inherited)",
					"@executable_path/../Frameworks",
					"@executable_path/../../../../Frameworks",
				);
				MACOSX_DEPLOYMENT_TARGET = 26;
				MARKETING_VERSION = 1.0;
				OTHER_LDFLAGS = (
					"-framework",
					SafariServices,
				);
				PRODUCT_BUNDLE_IDENTIFIER = "com.kaizokonpaku.TL-Pinch.Extension";
				PRODUCT_NAME = "TLPinch Extension";
				SDKROOT = macosx;
				SKIP_INSTALL = YES;
				SWIFT_EMIT_LOC_STRINGS = YES;
				SWIFT_VERSION = 5.0;
			};
			name = Release;
		};
		FFF004A52E37D0F900F127B6 /* Debug */ = {
			isa = XCBuildConfiguration;
			buildSettings = {
				ASSETCATALOG_COMPILER_APPICON_NAME = AppIcon;
				ASSETCATALOG_COMPILER_GLOBAL_ACCENT_COLOR_NAME = AccentColor;
				CODE_SIGN_ENTITLEMENTS = "macOS (App)/TL;Pinch.entitlements";
				CODE_SIGN_STYLE = Automatic;
				CURRENT_PROJECT_VERSION = TLP01;
				DEAD_CODE_STRIPPING = YES;
				DEVELOPMENT_TEAM = GH69QQ984P;
				ENABLE_HARDENED_RUNTIME = YES;
				GENERATE_INFOPLIST_FILE = YES;
				INFOPLIST_FILE = "macOS (App)/Info.plist";
				INFOPLIST_KEY_CFBundleDisplayName = "TL;Pinch";
				INFOPLIST_KEY_LSApplicationCategoryType = "public.app-category.productivity";
				INFOPLIST_KEY_NSMainStoryboardFile = Main;
				INFOPLIST_KEY_NSPrincipalClass = NSApplication;
				LD_RUNPATH_SEARCH_PATHS = (
					"$(inherited)",
					"@executable_path/../Frameworks",
				);
				MACOSX_DEPLOYMENT_TARGET = 26;
				MARKETING_VERSION = 1.0;
				OTHER_LDFLAGS = (
					"-framework",
					SafariServices,
					"-framework",
					WebKit,
				);
				PRODUCT_BUNDLE_IDENTIFIER = "com.kaizokonpaku.TL-Pinch";
				PRODUCT_NAME = TLPinch;
				REGISTER_APP_GROUPS = YES;
				SDKROOT = macosx;
				SWIFT_EMIT_LOC_STRINGS = YES;
				SWIFT_VERSION = 5.0;
			};
			name = Debug;
		};
		FFF004A62E37D0F900F127B6 /* Release */ = {
			isa = XCBuildConfiguration;
			buildSettings = {
				ASSETCATALOG_COMPILER_APPICON_NAME = AppIcon;
				ASSETCATALOG_COMPILER_GLOBAL_ACCENT_COLOR_NAME = AccentColor;
				CODE_SIGN_ENTITLEMENTS = "macOS (App)/TL;Pinch.entitlements";
				CODE_SIGN_STYLE = Automatic;
				CURRENT_PROJECT_VERSION = TLP01;
				DEAD_CODE_STRIPPING = YES;
				DEVELOPMENT_TEAM = GH69QQ984P;
				ENABLE_HARDENED_RUNTIME = YES;
				GENERATE_INFOPLIST_FILE = YES;
				INFOPLIST_FILE = "macOS (App)/Info.plist";
				INFOPLIST_KEY_CFBundleDisplayName = "TL;Pinch";
				INFOPLIST_KEY_LSApplicationCategoryType = "public.app-category.productivity";
				INFOPLIST_KEY_NSMainStoryboardFile = Main;
				INFOPLIST_KEY_NSPrincipalClass = NSApplication;
				LD_RUNPATH_SEARCH_PATHS = (
					"$(inherited)",
					"@executable_path/../Frameworks",
				);
				MACOSX_DEPLOYMENT_TARGET = 26;
				MARKETING_VERSION = 1.0;
				OTHER_LDFLAGS = (
					"-framework",
					SafariServices,
					"-framework",
					WebKit,
				);
				PRODUCT_BUNDLE_IDENTIFIER = "com.kaizokonpaku.TL-Pinch";
				PRODUCT_NAME = TLPinch;
				REGISTER_APP_GROUPS = YES;
				SDKROOT = macosx;
				SWIFT_EMIT_LOC_STRINGS = YES;
				SWIFT_VERSION = 5.0;
			};
			name = Release;
		};
		FFF004A92E37D0F900F127B6 /* Debug */ = {
			isa = XCBuildConfiguration;
			buildSettings = {
				ALWAYS_SEARCH_USER_PATHS = NO;
				ASSETCATALOG_COMPILER_GENERATE_SWIFT_ASSET_SYMBOL_EXTENSIONS = YES;
				CLANG_ANALYZER_NONNULL = YES;
				CLANG_ANALYZER_NUMBER_OBJECT_CONVERSION = YES_AGGRESSIVE;
				CLANG_CXX_LANGUAGE_STANDARD = "gnu++20";
				CLANG_ENABLE_MODULES = YES;
				CLANG_ENABLE_OBJC_ARC = YES;
				CLANG_ENABLE_OBJC_WEAK = YES;
				CLANG_WARN_BLOCK_CAPTURE_AUTORELEASING = YES;
				CLANG_WARN_BOOL_CONVERSION = YES;
				CLANG_WARN_COMMA = YES;
				CLANG_WARN_CONSTANT_CONVERSION = YES;
				CLANG_WARN_DEPRECATED_OBJC_IMPLEMENTATIONS = YES;
				CLANG_WARN_DIRECT_OBJC_ISA_USAGE = YES_ERROR;
				CLANG_WARN_DOCUMENTATION_COMMENTS = YES;
				CLANG_WARN_EMPTY_BODY = YES;
				CLANG_WARN_ENUM_CONVERSION = YES;
				CLANG_WARN_INFINITE_RECURSION = YES;
				CLANG_WARN_INT_CONVERSION = YES;
				CLANG_WARN_NON_LITERAL_NULL_CONVERSION = YES;
				CLANG_WARN_OBJC_IMPLICIT_RETAIN_SELF = YES;
				CLANG_WARN_OBJC_LITERAL_CONVERSION = YES;
				CLANG_WARN_OBJC_ROOT_CLASS = YES_ERROR;
				CLANG_WARN_QUOTED_INCLUDE_IN_FRAMEWORK_HEADER = YES;
				CLANG_WARN_RANGE_LOOP_ANALYSIS = YES;
				CLANG_WARN_STRICT_PROTOTYPES = YES;
				CLANG_WARN_SUSPICIOUS_MOVE = YES;
				CLANG_WARN_UNGUARDED_AVAILABILITY = YES_AGGRESSIVE;
				CLANG_WARN_UNREACHABLE_CODE = YES;
				CLANG_WARN__DUPLICATE_METHOD_MATCH = YES;
				COPY_PHASE_STRIP = NO;
				DEAD_CODE_STRIPPING = YES;
				DEBUG_INFORMATION_FORMAT = dwarf;
				DEVELOPMENT_TEAM = GH69QQ984P;
				ENABLE_STRICT_OBJC_MSGSEND = YES;
				ENABLE_TESTABILITY = YES;
				ENABLE_USER_SCRIPT_SANDBOXING = YES;
				GCC_C_LANGUAGE_STANDARD = gnu17;
				GCC_DYNAMIC_NO_PIC = NO;
				GCC_NO_COMMON_BLOCKS = YES;
				GCC_OPTIMIZATION_LEVEL = 0;
				GCC_PREPROCESSOR_DEFINITIONS = (
					"DEBUG=1",
					"$(inherited)",
				);
				GCC_WARN_64_TO_32_BIT_CONVERSION = YES;
				GCC_WARN_ABOUT_RETURN_TYPE = YES_ERROR;
				GCC_WARN_UNDECLARED_SELECTOR = YES;
				GCC_WARN_UNINITIALIZED_AUTOS = YES_AGGRESSIVE;
				GCC_WARN_UNUSED_FUNCTION = YES;
				GCC_WARN_UNUSED_VARIABLE = YES;
				LOCALIZATION_PREFERS_STRING_CATALOGS = YES;
				MTL_ENABLE_DEBUG_INFO = INCLUDE_SOURCE;
				MTL_FAST_MATH = YES;
				OBJROOT = "$(HOME)/Library/Developer/Xcode/ProjectBuilds/$(PROJECT_NAME)";
				ONLY_ACTIVE_ARCH = YES;
				STRING_CATALOG_GENERATE_SYMBOLS = YES;
				SWIFT_ACTIVE_COMPILATION_CONDITIONS = "DEBUG $(inherited)";
				SWIFT_OPTIMIZATION_LEVEL = "-Onone";
				SYMROOT = "$(HOME)/Library/Developer/Xcode/ProjectBuilds/$(PROJECT_NAME)";
			};
			name = Debug;
		};
		FFF004AA2E37D0F900F127B6 /* Release */ = {
			isa = XCBuildConfiguration;
			buildSettings = {
				ALWAYS_SEARCH_USER_PATHS = NO;
				ASSETCATALOG_COMPILER_GENERATE_SWIFT_ASSET_SYMBOL_EXTENSIONS = YES;
				CLANG_ANALYZER_NONNULL = YES;
				CLANG_ANALYZER_NUMBER_OBJECT_CONVERSION = YES_AGGRESSIVE;
				CLANG_CXX_LANGUAGE_STANDARD = "gnu++20";
				CLANG_ENABLE_MODULES = YES;
				CLANG_ENABLE_OBJC_ARC = YES;
				CLANG_ENABLE_OBJC_WEAK = YES;
				CLANG_WARN_BLOCK_CAPTURE_AUTORELEASING = YES;
				CLANG_WARN_BOOL_CONVERSION = YES;
				CLANG_WARN_COMMA = YES;
				CLANG_WARN_CONSTANT_CONVERSION = YES;
				CLANG_WARN_DEPRECATED_OBJC_IMPLEMENTATIONS = YES;
				CLANG_WARN_DIRECT_OBJC_ISA_USAGE = YES_ERROR;
				CLANG_WARN_DOCUMENTATION_COMMENTS = YES;
				CLANG_WARN_EMPTY_BODY = YES;
				CLANG_WARN_ENUM_CONVERSION = YES;
				CLANG_WARN_INFINITE_RECURSION = YES;
				CLANG_WARN_INT_CONVERSION = YES;
				CLANG_WARN_NON_LITERAL_NULL_CONVERSION = YES;
				CLANG_WARN_OBJC_IMPLICIT_RETAIN_SELF = YES;
				CLANG_WARN_OBJC_LITERAL_CONVERSION = YES;
				CLANG_WARN_OBJC_ROOT_CLASS = YES_ERROR;
				CLANG_WARN_QUOTED_INCLUDE_IN_FRAMEWORK_HEADER = YES;
				CLANG_WARN_RANGE_LOOP_ANALYSIS = YES;
				CLANG_WARN_STRICT_PROTOTYPES = YES;
				CLANG_WARN_SUSPICIOUS_MOVE = YES;
				CLANG_WARN_UNGUARDED_AVAILABILITY = YES_AGGRESSIVE;
				CLANG_WARN_UNREACHABLE_CODE = YES;
				CLANG_WARN__DUPLICATE_METHOD_MATCH = YES;
				COPY_PHASE_STRIP = NO;
				DEAD_CODE_STRIPPING = YES;
				DEBUG_INFORMATION_FORMAT = "dwarf-with-dsym";
				DEVELOPMENT_TEAM = GH69QQ984P;
				ENABLE_NS_ASSERTIONS = NO;
				ENABLE_STRICT_OBJC_MSGSEND = YES;
				ENABLE_USER_SCRIPT_SANDBOXING = YES;
				GCC_C_LANGUAGE_STANDARD = gnu17;
				GCC_NO_COMMON_BLOCKS = YES;
				GCC_WARN_64_TO_32_BIT_CONVERSION = YES;
				GCC_WARN_ABOUT_RETURN_TYPE = YES_ERROR;
				GCC_WARN_UNDECLARED_SELECTOR = YES;
				GCC_WARN_UNINITIALIZED_AUTOS = YES_AGGRESSIVE;
				GCC_WARN_UNUSED_FUNCTION = YES;
				GCC_WARN_UNUSED_VARIABLE = YES;
				LOCALIZATION_PREFERS_STRING_CATALOGS = YES;
				MTL_ENABLE_DEBUG_INFO = NO;
				MTL_FAST_MATH = YES;
				OBJROOT = "$(HOME)/Library/Developer/Xcode/ProjectBuilds/$(PROJECT_NAME)";
				STRING_CATALOG_GENERATE_SYMBOLS = YES;
				SWIFT_COMPILATION_MODE = wholemodule;
				SYMROOT = "$(HOME)/Library/Developer/Xcode/ProjectBuilds/$(PROJECT_NAME)";
			};
			name = Release;
		};
/* End XCBuildConfiguration section */

/* Begin XCConfigurationList section */
		FFF0042E2E37D0F700F127B6 /* Build configuration list for PBXProject "TLPinch" */ = {
			isa = XCConfigurationList;
			buildConfigurations = (
				FFF004A92E37D0F900F127B6 /* Debug */,
				FFF004AA2E37D0F900F127B6 /* Release */,
			);
			defaultConfigurationIsVisible = 0;
			defaultConfigurationName = Release;
		};
		FFF004952E37D0F900F127B6 /* Build configuration list for PBXNativeTarget "TLPinch Extension (iOS)" */ = {
			isa = XCConfigurationList;
			buildConfigurations = (
				FFF004962E37D0F900F127B6 /* Debug */,
				FFF004972E37D0F900F127B6 /* Release */,
			);
			defaultConfigurationIsVisible = 0;
			defaultConfigurationName = Release;
		};
		FFF0049A2E37D0F900F127B6 /* Build configuration list for PBXNativeTarget "TLPinch (iOS)" */ = {
			isa = XCConfigurationList;
			buildConfigurations = (
				FFF0049B2E37D0F900F127B6 /* Debug */,
				FFF0049C2E37D0F900F127B6 /* Release */,
			);
			defaultConfigurationIsVisible = 0;
			defaultConfigurationName = Release;
		};
		FFF0049F2E37D0F900F127B6 /* Build configuration list for PBXNativeTarget "TLPinch Extension (macOS)" */ = {
			isa = XCConfigurationList;
			buildConfigurations = (
				FFF004A02E37D0F900F127B6 /* Debug */,
				FFF004A12E37D0F900F127B6 /* Release */,
			);
			defaultConfigurationIsVisible = 0;
			defaultConfigurationName = Release;
		};
		FFF004A42E37D0F900F127B6 /* Build configuration list for PBXNativeTarget "TLPinch (macOS)" */ = {
			isa = XCConfigurationList;
			buildConfigurations = (
				FFF004A52E37D0F900F127B6 /* Debug */,
				FFF004A62E37D0F900F127B6 /* Release */,
			);
			defaultConfigurationIsVisible = 0;
			defaultConfigurationName = Release;
		};
/* End XCConfigurationList section */
	};
	rootObject = FFF0042B2E37D0F700F127B6 /* Project object */;
}
